
Microsoft Visual Studio Solution File, Format Version 12.00
# Visual Studio 15
VisualStudioVersion = 15.0.26124.0
MinimumVisualStudioVersion = 15.0.26124.0
Project("{2150E333-8FDC-42A3-9474-1A3956D46DE8}") = "src", "src", "{57676197-929E-4CBA-AA1A-8F6A6031B8FA}"
EndProject
Project("{FAE04EC0-301F-11D3-BF4B-00C04F79EFBC}") = "Markovify.NET", "src\Markovify.NET\Markovify.NET.csproj", "{BC7F5140-3A43-4E0F-95BD-6D29A7512465}"
EndProject
Project("{2150E333-8FDC-42A3-9474-1A3956D46DE8}") = "tests", "tests", "{3ACFBA37-6046-469B-9C57-3DC9ECAEAC93}"
EndProject
Project("{FAE04EC0-301F-11D3-BF4B-00C04F79EFBC}") = "Markovify.NET.Tests", "tests\Markovify.NET.Tests\Markovify.NET.Tests.csproj", "{66488ED3-AEC9-4CF6-B6F1-1CC658C69330}"
EndProject
Global
	GlobalSection(SolutionConfigurationPlatforms) = preSolution
		Debug|Any CPU = Debug|Any CPU
		Debug|x64 = Debug|x64
		Debug|x86 = Debug|x86
		Release|Any CPU = Release|Any CPU
		Release|x64 = Release|x64
		Release|x86 = Release|x86
	EndGlobalSection
	GlobalSection(SolutionProperties) = preSolution
		HideSolutionNode = FALSE
	EndGlobalSection
	GlobalSection(ProjectConfigurationPlatforms) = postSolution
		{BC7F5140-3A43-4E0F-95BD-6D29A7512465}.Debug|Any CPU.ActiveCfg = Debug|Any CPU
		{BC7F5140-3A43-4E0F-95BD-6D29A7512465}.Debug|Any CPU.Build.0 = Debug|Any CPU
		{BC7F5140-3A43-4E0F-95BD-6D29A7512465}.Debug|x64.ActiveCfg = Debug|Any CPU
		{BC7F5140-3A43-4E0F-95BD-6D29A7512465}.Debug|x64.Build.0 = Debug|Any CPU
		{BC7F5140-3A43-4E0F-95BD-6D29A7512465}.Debug|x86.ActiveCfg = Debug|Any CPU
		{BC7F5140-3A43-4E0F-95BD-6D29A7512465}.Debug|x86.Build.0 = Debug|Any CPU
		{BC7F5140-3A43-4E0F-95BD-6D29A7512465}.Release|Any CPU.ActiveCfg = Release|Any CPU
		{BC7F5140-3A43-4E0F-95BD-6D29A7512465}.Release|Any CPU.Build.0 = Release|Any CPU
		{BC7F5140-3A43-4E0F-95BD-6D29A7512465}.Release|x64.ActiveCfg = Release|Any CPU
		{BC7F5140-3A43-4E0F-95BD-6D29A7512465}.Release|x64.Build.0 = Release|Any CPU
		{BC7F5140-3A43-4E0F-95BD-6D29A7512465}.Release|x86.ActiveCfg = Release|Any CPU
		{BC7F5140-3A43-4E0F-95BD-6D29A7512465}.Release|x86.Build.0 = Release|Any CPU
		{66488ED3-AEC9-4CF6-B6F1-1CC658C69330}.Debug|Any CPU.ActiveCfg = Debug|Any CPU
		{66488ED3-AEC9-4CF6-B6F1-1CC658C69330}.Debug|Any CPU.Build.0 = Debug|Any CPU
		{66488ED3-AEC9-4CF6-B6F1-1CC658C69330}.Debug|x64.ActiveCfg = Debug|Any CPU
		{66488ED3-AEC9-4CF6-B6F1-1CC658C69330}.Debug|x64.Build.0 = Debug|Any CPU
		{66488ED3-AEC9-4CF6-B6F1-1CC658C69330}.Debug|x86.ActiveCfg = Debug|Any CPU
		{66488ED3-AEC9-4CF6-B6F1-1CC658C69330}.Debug|x86.Build.0 = Debug|Any CPU
		{66488ED3-AEC9-4CF6-B6F1-1CC658C69330}.Release|Any CPU.ActiveCfg = Release|Any CPU
		{66488ED3-AEC9-4CF6-B6F1-1CC658C69330}.Release|Any CPU.Build.0 = Release|Any CPU
		{66488ED3-AEC9-4CF6-B6F1-1CC658C69330}.Release|x64.ActiveCfg = Release|Any CPU
		{66488ED3-AEC9-4CF6-B6F1-1CC658C69330}.Release|x64.Build.0 = Release|Any CPU
		{66488ED3-AEC9-4CF6-B6F1-1CC658C69330}.Release|x86.ActiveCfg = Release|Any CPU
		{66488ED3-AEC9-4CF6-B6F1-1CC658C69330}.Release|x86.Build.0 = Release|Any CPU
	EndGlobalSection
	GlobalSection(NestedProjects) = preSolution
		{BC7F5140-3A43-4E0F-95BD-6D29A7512465} = {57676197-929E-4CBA-AA1A-8F6A6031B8FA}
		{66488ED3-AEC9-4CF6-B6F1-1CC658C69330} = {3ACFBA37-6046-469B-9C57-3DC9ECAEAC93}
	EndGlobalSection
EndGlobal
